<?xml version="1.0" encoding="UTF-8" standalone="yes" ?>
<CodeBlocks_project_file>
	<FileVersion major="1" minor="6" />
	<Project>
		<Option title="tiny" />
		<Option pch_mode="2" />
		<Option compiler="gcc" />
		<Build>
			<Target title="Debug">
				<Option output="bin/Debug/tiny" prefix_auto="1" extension_auto="1" />
				<Option object_output="obj/Debug/" />
				<Option type="1" />
				<Option compiler="gcc" />
				<Compiler>
					<Add option="-std=c++98" />
					<Add option="-std=c90" />
					<Add option="-g" />
				</Compiler>
			</Target>
			<Target title="Release">
				<Option output="bin/Release/tiny" prefix_auto="1" extension_auto="1" />
				<Option object_output="obj/Release/" />
				<Option type="1" />
				<Option compiler="gcc" />
				<Compiler>
					<Add option="-O2" />
				</Compiler>
				<Linker>
					<Add option="-s" />
				</Linker>
			</Target>
		</Build>
		<Compiler>
			<Add option="-Wall" />
		</Compiler>
		<Unit filename="ANALYZE.C">
			<Option compilerVar="CC" />
		</Unit>
		<Unit filename="ANALYZE.H" />
		<Unit filename="CGEN.C">
			<Option compilerVar="CC" />
		</Unit>
		<Unit filename="CGEN.H" />
		<Unit filename="CODE.C">
			<Option compilerVar="CC" />
		</Unit>
		<Unit filename="CODE.H" />
		<Unit filename="GLOBALS.H" />
		<Unit filename="MAIN.C">
			<Option compilerVar="CC" />
		</Unit>
		<Unit filename="Makefile">
			<Option target="Release" />
		</Unit>
		<Unit filename="PARSE.C">
			<Option compilerVar="CC" />
		</Unit>
		<Unit filename="PARSE.H" />
		<Unit filename="SCAN.C">
			<Option compilerVar="CC" />
		</Unit>
		<Unit filename="SCAN.H" />
		<Unit filename="SYMTAB.C">
			<Option compilerVar="CC" />
		</Unit>
		<Unit filename="SYMTAB.H" />
		<Unit filename="UTIL.C">
			<Option compilerVar="CC" />
		</Unit>
		<Unit filename="UTIL.H" />
		<Extensions>
			<lib_finder disable_auto="1" />
		</Extensions>
	</Project>
</CodeBlocks_project_file>
